
Microsoft Visual Studio Solution File, Format Version 12.00
# Visual Studio Version 16
VisualStudioVersion = 16.0.31424.327
MinimumVisualStudioVersion = 10.0.40219.1
Project("{FAE04EC0-301F-11D3-BF4B-00C04F79EFBC}") = "WebApplication1", "WebApplication1\WebApplication1.csproj", "{816BF017-0D82-43FB-BF80-BD49F61CD55E}"
EndProject
Global
	GlobalSection(SolutionConfigurationPlatforms) = preSolution
		Debug|Any CPU = Debug|Any CPU
		Release|Any CPU = Release|Any CPU
	EndGlobalSection
	GlobalSection(ProjectConfigurationPlatforms) = postSolution
		{816BF017-0D82-43FB-BF80-BD49F61CD55E}.Debug|Any CPU.ActiveCfg = Debug|Any CPU
		{816BF017-0D82-43FB-BF80-BD49F61CD55E}.Debug|Any CPU.Build.0 = Debug|Any CPU
		{816BF017-0D82-43FB-BF80-BD49F61CD55E}.Release|Any CPU.ActiveCfg = Release|Any CPU
		{816BF017-0D82-43FB-BF80-BD49F61CD55E}.Release|Any CPU.Build.0 = Release|Any CPU
	EndGlobalSection
	GlobalSection(SolutionProperties) = preSolution
		HideSolutionNode = FALSE
	EndGlobalSection
	GlobalSection(ExtensibilityGlobals) = postSolution
		SolutionGuid = {2D00C286-25A0-416C-852E-BFABECC60860}
	EndGlobalSection
EndGlobal
